// !$*UTF8*$!
{
	archiveVersion = 1;
	classes = {
	};
	objectVersion = 56;
	objects = {

/* Begin PBXBuildFile section */
		9607133B2C1D2ABF00EC5433 /* SwiftDataBaseApp.swift in Sources */ = {isa = PBXBuildFile; fileRef = 9607133A2C1D2ABF00EC5433 /* SwiftDataBaseApp.swift */; };
		9607133D2C1D2ABF00EC5433 /* ContentView.swift in Sources */ = {isa = PBXBuildFile; fileRef = 9607133C2C1D2ABF00EC5433 /* ContentView.swift */; };
		9607133F2C1D2AC100EC5433 /* Assets.xcassets in Resources */ = {isa = PBXBuildFile; fileRef = 9607133E2C1D2AC100EC5433 /* Assets.xcassets */; };
		960713422C1D2AC100EC5433 /* Preview Assets.xcassets in Resources */ = {isa = PBXBuildFile; fileRef = 960713412C1D2AC100EC5433 /* Preview Assets.xcassets */; };
		960E24BD2C232E280096ED58 /* ActivityTracker.swift in Sources */ = {isa = PBXBuildFile; fileRef = 960E24B62C232E280096ED58 /* ActivityTracker.swift */; };
		960E24BE2C232E280096ED58 /* CancelBag.swift in Sources */ = {isa = PBXBuildFile; fileRef = 960E24B72C232E280096ED58 /* CancelBag.swift */; };
		960E24BF2C232E280096ED58 /* Driver.swift in Sources */ = {isa = PBXBuildFile; fileRef = 960E24B82C232E280096ED58 /* Driver.swift */; };
		960E24C02C232E280096ED58 /* ErrorTracker.swift in Sources */ = {isa = PBXBuildFile; fileRef = 960E24B92C232E280096ED58 /* ErrorTracker.swift */; };
		960E24C12C232E280096ED58 /* Observable.swift in Sources */ = {isa = PBXBuildFile; fileRef = 960E24BA2C232E280096ED58 /* Observable.swift */; };
		960E24C22C232E280096ED58 /* ViewModel.swift in Sources */ = {isa = PBXBuildFile; fileRef = 960E24BB2C232E280096ED58 /* ViewModel.swift */; };
		9648CA432C5DE0DE00BF6CA2 /* ContentViewModel.swift in Sources */ = {isa = PBXBuildFile; fileRef = 9648CA422C5DE0DE00BF6CA2 /* ContentViewModel.swift */; };
		96D0675B2C6CF1E800704949 /* Person.swift in Sources */ = {isa = PBXBuildFile; fileRef = 96D0675A2C6CF1E800704949 /* Person.swift */; };
		96D0675F2C6CF3D700704949 /* PersonRepositoryType.swift in Sources */ = {isa = PBXBuildFile; fileRef = 96D0675E2C6CF3D700704949 /* PersonRepositoryType.swift */; };
		96D067612C6D03FD00704949 /* PersonViewDataTranslator.swift in Sources */ = {isa = PBXBuildFile; fileRef = 96D067602C6D03FD00704949 /* PersonViewDataTranslator.swift */; };
		96F4DD532C2080F300AEC8B4 /* PersonRepository.swift in Sources */ = {isa = PBXBuildFile; fileRef = 96F4DD502C2080F300AEC8B4 /* PersonRepository.swift */; };
		96F4DD542C2080F300AEC8B4 /* SwiftDataBaseRepositoryType.swift in Sources */ = {isa = PBXBuildFile; fileRef = 96F4DD512C2080F300AEC8B4 /* SwiftDataBaseRepositoryType.swift */; };
		96F657792C1DD12B00476EDC /* PersonStorage.swift in Sources */ = {isa = PBXBuildFile; fileRef = 96F657772C1DD12B00476EDC /* PersonStorage.swift */; };
		96F657822C1DD84300476EDC /* SwiftDataBaseRequestType.swift in Sources */ = {isa = PBXBuildFile; fileRef = 96F6577F2C1DD84300476EDC /* SwiftDataBaseRequestType.swift */; };
		96F657832C1DD84300476EDC /* PersonRequest.swift in Sources */ = {isa = PBXBuildFile; fileRef = 96F657802C1DD84300476EDC /* PersonRequest.swift */; };
		96F657862C1DD9A300476EDC /* SwiftDataManager.swift in Sources */ = {isa = PBXBuildFile; fileRef = 96F657842C1DD9A300476EDC /* SwiftDataManager.swift */; };
/* End PBXBuildFile section */

/* Begin PBXFileReference section */
		960713372C1D2ABF00EC5433 /* SwiftDataBase.app */ = {isa = PBXFileReference; explicitFileType = wrapper.application; includeInIndex = 0; path = SwiftDataBase.app; sourceTree = BUILT_PRODUCTS_DIR; };
		9607133A2C1D2ABF00EC5433 /* SwiftDataBaseApp.swift */ = {isa = PBXFileReference; lastKnownFileType = sourcecode.swift; path = SwiftDataBaseApp.swift; sourceTree = "<group>"; };
		9607133C2C1D2ABF00EC5433 /* ContentView.swift */ = {isa = PBXFileReference; lastKnownFileType = sourcecode.swift; path = ContentView.swift; sourceTree = "<group>"; };
		9607133E2C1D2AC100EC5433 /* Assets.xcassets */ = {isa = PBXFileReference; lastKnownFileType = folder.assetcatalog; path = Assets.xcassets; sourceTree = "<group>"; };
		960713412C1D2AC100EC5433 /* Preview Assets.xcassets */ = {isa = PBXFileReference; lastKnownFileType = folder.assetcatalog; path = "Preview Assets.xcassets"; sourceTree = "<group>"; };
		960E24B62C232E280096ED58 /* ActivityTracker.swift */ = {isa = PBXFileReference; fileEncoding = 4; lastKnownFileType = sourcecode.swift; path = ActivityTracker.swift; sourceTree = "<group>"; };
		960E24B72C232E280096ED58 /* CancelBag.swift */ = {isa = PBXFileReference; fileEncoding = 4; lastKnownFileType = sourcecode.swift; path = CancelBag.swift; sourceTree = "<group>"; };
		960E24B82C232E280096ED58 /* Driver.swift */ = {isa = PBXFileReference; fileEncoding = 4; lastKnownFileType = sourcecode.swift; path = Driver.swift; sourceTree = "<group>"; };
		960E24B92C232E280096ED58 /* ErrorTracker.swift */ = {isa = PBXFileReference; fileEncoding = 4; lastKnownFileType = sourcecode.swift; path = ErrorTracker.swift; sourceTree = "<group>"; };
		960E24BA2C232E280096ED58 /* Observable.swift */ = {isa = PBXFileReference; fileEncoding = 4; lastKnownFileType = sourcecode.swift; path = Observable.swift; sourceTree = "<group>"; };
		960E24BB2C232E280096ED58 /* ViewModel.swift */ = {isa = PBXFileReference; fileEncoding = 4; lastKnownFileType = sourcecode.swift; path = ViewModel.swift; sourceTree = "<group>"; };
		9648CA422C5DE0DE00BF6CA2 /* ContentViewModel.swift */ = {isa = PBXFileReference; lastKnownFileType = sourcecode.swift; path = ContentViewModel.swift; sourceTree = "<group>"; };
		96D0675A2C6CF1E800704949 /* Person.swift */ = {isa = PBXFileReference; lastKnownFileType = sourcecode.swift; path = Person.swift; sourceTree = "<group>"; };
		96D0675E2C6CF3D700704949 /* PersonRepositoryType.swift */ = {isa = PBXFileReference; lastKnownFileType = sourcecode.swift; path = PersonRepositoryType.swift; sourceTree = "<group>"; };
		96D067602C6D03FD00704949 /* PersonViewDataTranslator.swift */ = {isa = PBXFileReference; lastKnownFileType = sourcecode.swift; path = PersonViewDataTranslator.swift; sourceTree = "<group>"; };
		96F4DD502C2080F300AEC8B4 /* PersonRepository.swift */ = {isa = PBXFileReference; fileEncoding = 4; lastKnownFileType = sourcecode.swift; path = PersonRepository.swift; sourceTree = "<group>"; };
		96F4DD512C2080F300AEC8B4 /* SwiftDataBaseRepositoryType.swift */ = {isa = PBXFileReference; fileEncoding = 4; lastKnownFileType = sourcecode.swift; path = SwiftDataBaseRepositoryType.swift; sourceTree = "<group>"; };
		96F657772C1DD12B00476EDC /* PersonStorage.swift */ = {isa = PBXFileReference; fileEncoding = 4; lastKnownFileType = sourcecode.swift; path = PersonStorage.swift; sourceTree = "<group>"; };
		96F6577F2C1DD84300476EDC /* SwiftDataBaseRequestType.swift */ = {isa = PBXFileReference; fileEncoding = 4; lastKnownFileType = sourcecode.swift; path = SwiftDataBaseRequestType.swift; sourceTree = "<group>"; };
		96F657802C1DD84300476EDC /* PersonRequest.swift */ = {isa = PBXFileReference; fileEncoding = 4; lastKnownFileType = sourcecode.swift; path = PersonRequest.swift; sourceTree = "<group>"; };
		96F657842C1DD9A300476EDC /* SwiftDataManager.swift */ = {isa = PBXFileReference; fileEncoding = 4; lastKnownFileType = sourcecode.swift; path = SwiftDataManager.swift; sourceTree = "<group>"; };
/* End PBXFileReference section */

/* Begin PBXFrameworksBuildPhase section */
		960713342C1D2ABF00EC5433 /* Frameworks */ = {
			isa = PBXFrameworksBuildPhase;
			buildActionMask = 2147483647;
			files = (
			);
			runOnlyForDeploymentPostprocessing = 0;
		};
/* End PBXFrameworksBuildPhase section */

/* Begin PBXGroup section */
		9607132E2C1D2ABF00EC5433 = {
			isa = PBXGroup;
			children = (
				960713392C1D2ABF00EC5433 /* SwiftDataBase */,
				960713382C1D2ABF00EC5433 /* Products */,
			);
			sourceTree = "<group>";
		};
		960713382C1D2ABF00EC5433 /* Products */ = {
			isa = PBXGroup;
			children = (
				960713372C1D2ABF00EC5433 /* SwiftDataBase.app */,
			);
			name = Products;
			sourceTree = "<group>";
		};
		960713392C1D2ABF00EC5433 /* SwiftDataBase */ = {
			isa = PBXGroup;
			children = (
				96D067592C6CF1B400704949 /* Domain */,
				96D067582C6CF1A200704949 /* Infratructure */,
				960E24BC2C232E280096ED58 /* Architecture */,
				9607133A2C1D2ABF00EC5433 /* SwiftDataBaseApp.swift */,
				9607133C2C1D2ABF00EC5433 /* ContentView.swift */,
				96D067602C6D03FD00704949 /* PersonViewDataTranslator.swift */,
				9648CA422C5DE0DE00BF6CA2 /* ContentViewModel.swift */,
				9607133E2C1D2AC100EC5433 /* Assets.xcassets */,
				960713402C1D2AC100EC5433 /* Preview Content */,
			);
			path = SwiftDataBase;
			sourceTree = "<group>";
		};
		960713402C1D2AC100EC5433 /* Preview Content */ = {
			isa = PBXGroup;
			children = (
				960713412C1D2AC100EC5433 /* Preview Assets.xcassets */,
			);
			path = "Preview Content";
			sourceTree = "<group>";
		};
		960E24BC2C232E280096ED58 /* Architecture */ = {
			isa = PBXGroup;
			children = (
				960E24B62C232E280096ED58 /* ActivityTracker.swift */,
				960E24B72C232E280096ED58 /* CancelBag.swift */,
				960E24B82C232E280096ED58 /* Driver.swift */,
				960E24B92C232E280096ED58 /* ErrorTracker.swift */,
				960E24BA2C232E280096ED58 /* Observable.swift */,
				960E24BB2C232E280096ED58 /* ViewModel.swift */,
			);
			path = Architecture;
			sourceTree = "<group>";
		};
		96D067582C6CF1A200704949 /* Infratructure */ = {
			isa = PBXGroup;
			children = (
				96D0675C2C6CF32000704949 /* Storage */,
			);
			path = Infratructure;
			sourceTree = "<group>";
		};
		96D067592C6CF1B400704949 /* Domain */ = {
			isa = PBXGroup;
			children = (
				96D0675A2C6CF1E800704949 /* Person.swift */,
				96D0675E2C6CF3D700704949 /* PersonRepositoryType.swift */,
			);
			path = Domain;
			sourceTree = "<group>";
		};
		96D0675C2C6CF32000704949 /* Storage */ = {
			isa = PBXGroup;
			children = (
				96F657852C1DD9A300476EDC /* DataBase */,
				96F657812C1DD84300476EDC /* Request */,
				96F4DD522C2080F300AEC8B4 /* Repository */,
				96D0675D2C6CF32900704949 /* Model */,
			);
			path = Storage;
			sourceTree = "<group>";
		};
		96D0675D2C6CF32900704949 /* Model */ = {
			isa = PBXGroup;
			children = (
				96F657772C1DD12B00476EDC /* PersonStorage.swift */,
			);
			path = Model;
			sourceTree = "<group>";
		};
		96F4DD522C2080F300AEC8B4 /* Repository */ = {
			isa = PBXGroup;
			children = (
				96F4DD512C2080F300AEC8B4 /* SwiftDataBaseRepositoryType.swift */,
				96F4DD502C2080F300AEC8B4 /* PersonRepository.swift */,
			);
			path = Repository;
			sourceTree = "<group>";
		};
		96F657812C1DD84300476EDC /* Request */ = {
			isa = PBXGroup;
			children = (
				96F6577F2C1DD84300476EDC /* SwiftDataBaseRequestType.swift */,
				96F657802C1DD84300476EDC /* PersonRequest.swift */,
			);
			path = Request;
			sourceTree = "<group>";
		};
		96F657852C1DD9A300476EDC /* DataBase */ = {
			isa = PBXGroup;
			children = (
				96F657842C1DD9A300476EDC /* SwiftDataManager.swift */,
			);
			path = DataBase;
			sourceTree = "<group>";
		};
/* End PBXGroup section */

/* Begin PBXNativeTarget section */
		960713362C1D2ABF00EC5433 /* SwiftDataBase */ = {
			isa = PBXNativeTarget;
			buildConfigurationList = 960713452C1D2AC100EC5433 /* Build configuration list for PBXNativeTarget "SwiftDataBase" */;
			buildPhases = (
				960713332C1D2ABF00EC5433 /* Sources */,
				960713342C1D2ABF00EC5433 /* Frameworks */,
				960713352C1D2ABF00EC5433 /* Resources */,
			);
			buildRules = (
			);
			dependencies = (
			);
			name = SwiftDataBase;
			productName = SwiftDataBase;
			productReference = 960713372C1D2ABF00EC5433 /* SwiftDataBase.app */;
			productType = "com.apple.product-type.application";
		};
/* End PBXNativeTarget section */

/* Begin PBXProject section */
		9607132F2C1D2ABF00EC5433 /* Project object */ = {
			isa = PBXProject;
			attributes = {
				BuildIndependentTargetsInParallel = 1;
				LastSwiftUpdateCheck = 1540;
				LastUpgradeCheck = 1540;
				TargetAttributes = {
					960713362C1D2ABF00EC5433 = {
						CreatedOnToolsVersion = 15.4;
					};
				};
			};
			buildConfigurationList = 960713322C1D2ABF00EC5433 /* Build configuration list for PBXProject "SwiftDataBase" */;
			compatibilityVersion = "Xcode 14.0";
			developmentRegion = en;
			hasScannedForEncodings = 0;
			knownRegions = (
				en,
				Base,
			);
			mainGroup = 9607132E2C1D2ABF00EC5433;
			productRefGroup = 960713382C1D2ABF00EC5433 /* Products */;
			projectDirPath = "";
			projectRoot = "";
			targets = (
				960713362C1D2ABF00EC5433 /* SwiftDataBase */,
			);
		};
/* End PBXProject section */

/* Begin PBXResourcesBuildPhase section */
		960713352C1D2ABF00EC5433 /* Resources */ = {
			isa = PBXResourcesBuildPhase;
			buildActionMask = 2147483647;
			files = (
				960713422C1D2AC100EC5433 /* Preview Assets.xcassets in Resources */,
				9607133F2C1D2AC100EC5433 /* Assets.xcassets in Resources */,
			);
			runOnlyForDeploymentPostprocessing = 0;
		};
/* End PBXResourcesBuildPhase section */

/* Begin PBXSourcesBuildPhase section */
		960713332C1D2ABF00EC5433 /* Sources */ = {
			isa = PBXSourcesBuildPhase;
			buildActionMask = 2147483647;
			files = (
				960E24C12C232E280096ED58 /* Observable.swift in Sources */,
				960E24BF2C232E280096ED58 /* Driver.swift in Sources */,
				96F4DD542C2080F300AEC8B4 /* SwiftDataBaseRepositoryType.swift in Sources */,
				96F657792C1DD12B00476EDC /* PersonStorage.swift in Sources */,
				9607133D2C1D2ABF00EC5433 /* ContentView.swift in Sources */,
				96D0675F2C6CF3D700704949 /* PersonRepositoryType.swift in Sources */,
				9607133B2C1D2ABF00EC5433 /* SwiftDataBaseApp.swift in Sources */,
				960E24C22C232E280096ED58 /* ViewModel.swift in Sources */,
				96F657862C1DD9A300476EDC /* SwiftDataManager.swift in Sources */,
				96D067612C6D03FD00704949 /* PersonViewDataTranslator.swift in Sources */,
				960E24BD2C232E280096ED58 /* ActivityTracker.swift in Sources */,
				960E24C02C232E280096ED58 /* ErrorTracker.swift in Sources */,
				960E24BE2C232E280096ED58 /* CancelBag.swift in Sources */,
				96F657822C1DD84300476EDC /* SwiftDataBaseRequestType.swift in Sources */,
				96F657832C1DD84300476EDC /* PersonRequest.swift in Sources */,
				96F4DD532C2080F300AEC8B4 /* PersonRepository.swift in Sources */,
				96D0675B2C6CF1E800704949 /* Person.swift in Sources */,
				9648CA432C5DE0DE00BF6CA2 /* ContentViewModel.swift in Sources */,
			);
			runOnlyForDeploymentPostprocessing = 0;
		};
/* End PBXSourcesBuildPhase section */

/* Begin XCBuildConfiguration section */
		960713432C1D2AC100EC5433 /* Debug */ = {
			isa = XCBuildConfiguration;
			buildSettings = {
				ALWAYS_SEARCH_USER_PATHS = NO;
				ASSETCATALOG_COMPILER_GENERATE_SWIFT_ASSET_SYMBOL_EXTENSIONS = YES;
				CLANG_ANALYZER_NONNULL = YES;
				CLANG_ANALYZER_NUMBER_OBJECT_CONVERSION = YES_AGGRESSIVE;
				CLANG_CXX_LANGUAGE_STANDARD = "gnu++20";
				CLANG_ENABLE_MODULES = YES;
				CLANG_ENABLE_OBJC_ARC = YES;
				CLANG_ENABLE_OBJC_WEAK = YES;
				CLANG_WARN_BLOCK_CAPTURE_AUTORELEASING = YES;
				CLANG_WARN_BOOL_CONVERSION = YES;
				CLANG_WARN_COMMA = YES;
				CLANG_WARN_CONSTANT_CONVERSION = YES;
				CLANG_WARN_DEPRECATED_OBJC_IMPLEMENTATIONS = YES;
				CLANG_WARN_DIRECT_OBJC_ISA_USAGE = YES_ERROR;
				CLANG_WARN_DOCUMENTATION_COMMENTS = YES;
				CLANG_WARN_EMPTY_BODY = YES;
				CLANG_WARN_ENUM_CONVERSION = YES;
				CLANG_WARN_INFINITE_RECURSION = YES;
				CLANG_WARN_INT_CONVERSION = YES;
				CLANG_WARN_NON_LITERAL_NULL_CONVERSION = YES;
				CLANG_WARN_OBJC_IMPLICIT_RETAIN_SELF = YES;
				CLANG_WARN_OBJC_LITERAL_CONVERSION = YES;
				CLANG_WARN_OBJC_ROOT_CLASS = YES_ERROR;
				CLANG_WARN_QUOTED_INCLUDE_IN_FRAMEWORK_HEADER = YES;
				CLANG_WARN_RANGE_LOOP_ANALYSIS = YES;
				CLANG_WARN_STRICT_PROTOTYPES = YES;
				CLANG_WARN_SUSPICIOUS_MOVE = YES;
				CLANG_WARN_UNGUARDED_AVAILABILITY = YES_AGGRESSIVE;
				CLANG_WARN_UNREACHABLE_CODE = YES;
				CLANG_WARN__DUPLICATE_METHOD_MATCH = YES;
				COPY_PHASE_STRIP = NO;
				DEBUG_INFORMATION_FORMAT = dwarf;
				ENABLE_STRICT_OBJC_MSGSEND = YES;
				ENABLE_TESTABILITY = YES;
				ENABLE_USER_SCRIPT_SANDBOXING = YES;
				GCC_C_LANGUAGE_STANDARD = gnu17;
				GCC_DYNAMIC_NO_PIC = NO;
				GCC_NO_COMMON_BLOCKS = YES;
				GCC_OPTIMIZATION_LEVEL = 0;
				GCC_PREPROCESSOR_DEFINITIONS = (
					"DEBUG=1",
					"$(inherited)",
				);
				GCC_WARN_64_TO_32_BIT_CONVERSION = YES;
				GCC_WARN_ABOUT_RETURN_TYPE = YES_ERROR;
				GCC_WARN_UNDECLARED_SELECTOR = YES;
				GCC_WARN_UNINITIALIZED_AUTOS = YES_AGGRESSIVE;
				GCC_WARN_UNUSED_FUNCTION = YES;
				GCC_WARN_UNUSED_VARIABLE = YES;
				IPHONEOS_DEPLOYMENT_TARGET = 17.5;
				LOCALIZATION_PREFERS_STRING_CATALOGS = YES;
				MTL_ENABLE_DEBUG_INFO = INCLUDE_SOURCE;
				MTL_FAST_MATH = YES;
				ONLY_ACTIVE_ARCH = YES;
				SDKROOT = iphoneos;
				SWIFT_ACTIVE_COMPILATION_CONDITIONS = "DEBUG $(inherited)";
				SWIFT_OPTIMIZATION_LEVEL = "-Onone";
			};
			name = Debug;
		};
		960713442C1D2AC100EC5433 /* Release */ = {
			isa = XCBuildConfiguration;
			buildSettings = {
				ALWAYS_SEARCH_USER_PATHS = NO;
				ASSETCATALOG_COMPILER_GENERATE_SWIFT_ASSET_SYMBOL_EXTENSIONS = YES;
				CLANG_ANALYZER_NONNULL = YES;
				CLANG_ANALYZER_NUMBER_OBJECT_CONVERSION = YES_AGGRESSIVE;
				CLANG_CXX_LANGUAGE_STANDARD = "gnu++20";
				CLANG_ENABLE_MODULES = YES;
				CLANG_ENABLE_OBJC_ARC = YES;
				CLANG_ENABLE_OBJC_WEAK = YES;
				CLANG_WARN_BLOCK_CAPTURE_AUTORELEASING = YES;
				CLANG_WARN_BOOL_CONVERSION = YES;
				CLANG_WARN_COMMA = YES;
				CLANG_WARN_CONSTANT_CONVERSION = YES;
				CLANG_WARN_DEPRECATED_OBJC_IMPLEMENTATIONS = YES;
				CLANG_WARN_DIRECT_OBJC_ISA_USAGE = YES_ERROR;
				CLANG_WARN_DOCUMENTATION_COMMENTS = YES;
				CLANG_WARN_EMPTY_BODY = YES;
				CLANG_WARN_ENUM_CONVERSION = YES;
				CLANG_WARN_INFINITE_RECURSION = YES;
				CLANG_WARN_INT_CONVERSION = YES;
				CLANG_WARN_NON_LITERAL_NULL_CONVERSION = YES;
				CLANG_WARN_OBJC_IMPLICIT_RETAIN_SELF = YES;
				CLANG_WARN_OBJC_LITERAL_CONVERSION = YES;
				CLANG_WARN_OBJC_ROOT_CLASS = YES_ERROR;
				CLANG_WARN_QUOTED_INCLUDE_IN_FRAMEWORK_HEADER = YES;
				CLANG_WARN_RANGE_LOOP_ANALYSIS = YES;
				CLANG_WARN_STRICT_PROTOTYPES = YES;
				CLANG_WARN_SUSPICIOUS_MOVE = YES;
				CLANG_WARN_UNGUARDED_AVAILABILITY = YES_AGGRESSIVE;
				CLANG_WARN_UNREACHABLE_CODE = YES;
				CLANG_WARN__DUPLICATE_METHOD_MATCH = YES;
				COPY_PHASE_STRIP = NO;
				DEBUG_INFORMATION_FORMAT = "dwarf-with-dsym";
				ENABLE_NS_ASSERTIONS = NO;
				ENABLE_STRICT_OBJC_MSGSEND = YES;
				ENABLE_USER_SCRIPT_SANDBOXING = YES;
				GCC_C_LANGUAGE_STANDARD = gnu17;
				GCC_NO_COMMON_BLOCKS = YES;
				GCC_WARN_64_TO_32_BIT_CONVERSION = YES;
				GCC_WARN_ABOUT_RETURN_TYPE = YES_ERROR;
				GCC_WARN_UNDECLARED_SELECTOR = YES;
				GCC_WARN_UNINITIALIZED_AUTOS = YES_AGGRESSIVE;
				GCC_WARN_UNUSED_FUNCTION = YES;
				GCC_WARN_UNUSED_VARIABLE = YES;
				IPHONEOS_DEPLOYMENT_TARGET = 17.5;
				LOCALIZATION_PREFERS_STRING_CATALOGS = YES;
				MTL_ENABLE_DEBUG_INFO = NO;
				MTL_FAST_MATH = YES;
				SDKROOT = iphoneos;
				SWIFT_COMPILATION_MODE = wholemodule;
				VALIDATE_PRODUCT = YES;
			};
			name = Release;
		};
		960713462C1D2AC100EC5433 /* Debug */ = {
			isa = XCBuildConfiguration;
			buildSettings = {
				ASSETCATALOG_COMPILER_APPICON_NAME = AppIcon;
				ASSETCATALOG_COMPILER_GLOBAL_ACCENT_COLOR_NAME = AccentColor;
				CODE_SIGN_STYLE = Automatic;
				CURRENT_PROJECT_VERSION = 1;
				DEVELOPMENT_ASSET_PATHS = "\"SwiftDataBase/Preview Content\"";
				DEVELOPMENT_TEAM = GCAT449K7M;
				ENABLE_PREVIEWS = YES;
				GENERATE_INFOPLIST_FILE = YES;
				INFOPLIST_KEY_UIApplicationSceneManifest_Generation = YES;
				INFOPLIST_KEY_UIApplicationSupportsIndirectInputEvents = YES;
				INFOPLIST_KEY_UILaunchScreen_Generation = YES;
				INFOPLIST_KEY_UISupportedInterfaceOrientations_iPad = "UIInterfaceOrientationPortrait UIInterfaceOrientationPortraitUpsideDown UIInterfaceOrientationLandscapeLeft UIInterfaceOrientationLandscapeRight";
				INFOPLIST_KEY_UISupportedInterfaceOrientations_iPhone = "UIInterfaceOrientationPortrait UIInterfaceOrientationLandscapeLeft UIInterfaceOrientationLandscapeRight";
				IPHONEOS_DEPLOYMENT_TARGET = 17.0;
				LD_RUNPATH_SEARCH_PATHS = (
					"$(inherited)",
					"@executable_path/Frameworks",
				);
				MARKETING_VERSION = 1.0;
				PRODUCT_BUNDLE_IDENTIFIER = cuong.ios.SwiftDataBase;
				PRODUCT_NAME = "$(TARGET_NAME)";
				SWIFT_EMIT_LOC_STRINGS = YES;
				SWIFT_VERSION = 5.0;
				TARGETED_DEVICE_FAMILY = "1,2";
			};
			name = Debug;
		};
		960713472C1D2AC100EC5433 /* Release */ = {
			isa = XCBuildConfiguration;
			buildSettings = {
				ASSETCATALOG_COMPILER_APPICON_NAME = AppIcon;
				ASSETCATALOG_COMPILER_GLOBAL_ACCENT_COLOR_NAME = AccentColor;
				CODE_SIGN_STYLE = Automatic;
				CURRENT_PROJECT_VERSION = 1;
				DEVELOPMENT_ASSET_PATHS = "\"SwiftDataBase/Preview Content\"";
				DEVELOPMENT_TEAM = GCAT449K7M;
				ENABLE_PREVIEWS = YES;
				GENERATE_INFOPLIST_FILE = YES;
				INFOPLIST_KEY_UIApplicationSceneManifest_Generation = YES;
				INFOPLIST_KEY_UIApplicationSupportsIndirectInputEvents = YES;
				INFOPLIST_KEY_UILaunchScreen_Generation = YES;
				INFOPLIST_KEY_UISupportedInterfaceOrientations_iPad = "UIInterfaceOrientationPortrait UIInterfaceOrientationPortraitUpsideDown UIInterfaceOrientationLandscapeLeft UIInterfaceOrientationLandscapeRight";
				INFOPLIST_KEY_UISupportedInterfaceOrientations_iPhone = "UIInterfaceOrientationPortrait UIInterfaceOrientationLandscapeLeft UIInterfaceOrientationLandscapeRight";
				IPHONEOS_DEPLOYMENT_TARGET = 17.0;
				LD_RUNPATH_SEARCH_PATHS = (
					"$(inherited)",
					"@executable_path/Frameworks",
				);
				MARKETING_VERSION = 1.0;
				PRODUCT_BUNDLE_IDENTIFIER = cuong.ios.SwiftDataBase;
				PRODUCT_NAME = "$(TARGET_NAME)";
				SWIFT_EMIT_LOC_STRINGS = YES;
				SWIFT_VERSION = 5.0;
				TARGETED_DEVICE_FAMILY = "1,2";
			};
			name = Release;
		};
/* End XCBuildConfiguration section */

/* Begin XCConfigurationList section */
		960713322C1D2ABF00EC5433 /* Build configuration list for PBXProject "SwiftDataBase" */ = {
			isa = XCConfigurationList;
			buildConfigurations = (
				960713432C1D2AC100EC5433 /* Debug */,
				960713442C1D2AC100EC5433 /* Release */,
			);
			defaultConfigurationIsVisible = 0;
			defaultConfigurationName = Release;
		};
		960713452C1D2AC100EC5433 /* Build configuration list for PBXNativeTarget "SwiftDataBase" */ = {
			isa = XCConfigurationList;
			buildConfigurations = (
				960713462C1D2AC100EC5433 /* Debug */,
				960713472C1D2AC100EC5433 /* Release */,
			);
			defaultConfigurationIsVisible = 0;
			defaultConfigurationName = Release;
		};
/* End XCConfigurationList section */
	};
	rootObject = 9607132F2C1D2ABF00EC5433 /* Project object */;
}
